# THIS IS AN AUTOGENERATED FILE. DO NOT EDIT THIS FILE DIRECTLY.
# yarn lockfile v1


"@glennsl/bs-json@3.0.0":
  version "3.0.0"
  resolved "https://registry.yarnpkg.com/@glennsl/bs-json/-/bs-json-3.0.0.tgz#b4e1cf6612270a8dd7287a8a71ebe17e8f0fb683"

bs-platform@^4.0.5:
  version "4.0.5"
  resolved "https://registry.yarnpkg.com/bs-platform/-/bs-platform-4.0.5.tgz#d4fd9bbdd11765af5b75110a5655065ece05eed6"

bs-webapi@^0.13.0:
  version "0.13.0"
  resolved "https://registry.yarnpkg.com/bs-webapi/-/bs-webapi-0.13.0.tgz#c52f3043fcc656d7936b12c214851c64b58aede9"

bucklescript-tea@^0.8.0:
  version "0.8.0"
  resolved "https://registry.yarnpkg.com/bucklescript-tea/-/bucklescript-tea-0.8.0.tgz#73d2a824154435acc4b34e192aa37b5630952d6f"
