# THIS IS AN AUTOGENERATED FILE. DO NOT EDIT THIS FILE DIRECTLY.
# yarn lockfile v1


"@glennsl/bs-json@3.0.0":
  version "3.0.0"
  resolved "https://registry.yarnpkg.com/@glennsl/bs-json/-/bs-json-3.0.0.tgz#b4e1cf6612270a8dd7287a8a71ebe17e8f0fb683"

bs-platform@^4.0.5:
  version "4.0.5"
  resolved "https://registry.yarnpkg.com/bs-platform/-/bs-platform-4.0.5.tgz#d4fd9bbdd11765af5b75110a5655065ece05eed6"

bs-webapi@^0.13.0:
  version "0.13.0"
  resolved "https://registry.yarnpkg.com/bs-webapi/-/bs-webapi-0.13.0.tgz#c52f3043fcc656d7936b12c214851c64b58aede9"

bucklescript-tea@^0.8.0:
  version "0.8.0"
  resolved "https://registry.yarnpkg.com/bucklescript-tea/-/bucklescript-tea-0.8.0.tgz#73d2a824154435acc4b34e192aa37b5630952d6f"

builtin-modules@^2.0.0:
  version "2.0.0"
  resolved "https://registry.yarnpkg.com/builtin-modules/-/builtin-modules-2.0.0.tgz#60b7ef5ae6546bd7deefa74b08b62a43a232648e"

is-module@^1.0.0:
  version "1.0.0"
  resolved "https://registry.yarnpkg.com/is-module/-/is-module-1.0.0.tgz#3258fb69f78c14d5b815d664336b4cffb6441591"

path-parse@^1.0.5:
  version "1.0.6"
  resolved "https://registry.yarnpkg.com/path-parse/-/path-parse-1.0.6.tgz#d62dbb5679405d72c4737ec58600e9ddcf06d24c"

resolve@^1.1.6:
  version "1.8.1"
  resolved "https://registry.yarnpkg.com/resolve/-/resolve-1.8.1.tgz#82f1ec19a423ac1fbd080b0bab06ba36e84a7a26"
  dependencies:
    path-parse "^1.0.5"

rollup-plugin-node-resolve@^3.0.0:
  version "3.4.0"
  resolved "https://registry.yarnpkg.com/rollup-plugin-node-resolve/-/rollup-plugin-node-resolve-3.4.0.tgz#908585eda12e393caac7498715a01e08606abc89"
  dependencies:
    builtin-modules "^2.0.0"
    is-module "^1.0.0"
    resolve "^1.1.6"

rollup@^0.53.3:
  version "0.53.4"
  resolved "https://registry.yarnpkg.com/rollup/-/rollup-0.53.4.tgz#f92ce56ee1d097ad5b6f13951bc80db5fef18113"
