
Microsoft Visual Studio Solution File, Format Version 12.00
# Visual Studio Version 17
VisualStudioVersion = 17.5.33103.201
MinimumVisualStudioVersion = 10.0.40219.1
Project("{9A19103F-16F7-4668-BE54-9A1E7A4F7556}") = "SpawnDev.BlazorJS.Test", "SpawnDev.BlazorJS.Test\SpawnDev.BlazorJS.Test.csproj", "{CEC868CE-CF85-423F-A566-CE875EF8AEAD}"
EndProject
Project("{9A19103F-16F7-4668-BE54-9A1E7A4F7556}") = "SpawnDev.BlazorJS", "SpawnDev.BlazorJS\SpawnDev.BlazorJS.csproj", "{085BD3B9-2F11-4BD0-9072-217D2A3C9150}"
EndProject
Project("{9A19103F-16F7-4668-BE54-9A1E7A4F7556}") = "SpawnDev.BlazorJS.WebWorkers", "SpawnDev.BlazorJS.WebWorkers\SpawnDev.BlazorJS.WebWorkers.csproj", "{6D4CCD8D-47E3-47CA-B583-08DAF6D911F3}"
EndProject
Global
	GlobalSection(SolutionConfigurationPlatforms) = preSolution
		Debug|Any CPU = Debug|Any CPU
		Release|Any CPU = Release|Any CPU
	EndGlobalSection
	GlobalSection(ProjectConfigurationPlatforms) = postSolution
		{CEC868CE-CF85-423F-A566-CE875EF8AEAD}.Debug|Any CPU.ActiveCfg = Debug|Any CPU
		{CEC868CE-CF85-423F-A566-CE875EF8AEAD}.Debug|Any CPU.Build.0 = Debug|Any CPU
		{CEC868CE-CF85-423F-A566-CE875EF8AEAD}.Release|Any CPU.ActiveCfg = Release|Any CPU
		{CEC868CE-CF85-423F-A566-CE875EF8AEAD}.Release|Any CPU.Build.0 = Release|Any CPU
		{085BD3B9-2F11-4BD0-9072-217D2A3C9150}.Debug|Any CPU.ActiveCfg = Debug|Any CPU
		{085BD3B9-2F11-4BD0-9072-217D2A3C9150}.Debug|Any CPU.Build.0 = Debug|Any CPU
		{085BD3B9-2F11-4BD0-9072-217D2A3C9150}.Release|Any CPU.ActiveCfg = Release|Any CPU
		{085BD3B9-2F11-4BD0-9072-217D2A3C9150}.Release|Any CPU.Build.0 = Release|Any CPU
		{6D4CCD8D-47E3-47CA-B583-08DAF6D911F3}.Debug|Any CPU.ActiveCfg = Debug|Any CPU
		{6D4CCD8D-47E3-47CA-B583-08DAF6D911F3}.Debug|Any CPU.Build.0 = Debug|Any CPU
		{6D4CCD8D-47E3-47CA-B583-08DAF6D911F3}.Release|Any CPU.ActiveCfg = Release|Any CPU
		{6D4CCD8D-47E3-47CA-B583-08DAF6D911F3}.Release|Any CPU.Build.0 = Release|Any CPU
	EndGlobalSection
	GlobalSection(SolutionProperties) = preSolution
		HideSolutionNode = FALSE
	EndGlobalSection
	GlobalSection(ExtensibilityGlobals) = postSolution
		SolutionGuid = {37550DB9-9318-4A5D-B04A-0F3C420142FD}
	EndGlobalSection
EndGlobal
