
Microsoft Visual Studio Solution File, Format Version 12.00
# Visual Studio 15
VisualStudioVersion = 15.0.26124.0
MinimumVisualStudioVersion = 15.0.26124.0
Project("{2150E333-8FDC-42A3-9474-1A3956D46DE8}") = "Solution Items", "Solution Items", "{08CCFCF6-2248-43ED-A6EF-E972A2DA0E6A}"
	ProjectSection(SolutionItems) = preProject
		paket.dependencies = paket.dependencies
		paket.lock = paket.lock
		package-lock.json = package-lock.json
		package.json = package.json
		README.md = README.md
	EndProjectSection
EndProject
Project("{2150E333-8FDC-42A3-9474-1A3956D46DE8}") = "src", "src", "{F84DCF8A-FC1A-4677-AF4D-616AD7DB3470}"
EndProject
Project("{F2A71F9B-5D33-465A-A702-920D77279786}") = "BwdServer", "src\BwdServer\BwdServer.fsproj", "{B56110F0-2D27-4718-8C80-E7FDE3439A63}"
EndProject
Project("{F2A71F9B-5D33-465A-A702-920D77279786}") = "LibExecution", "src\LibExecution\LibExecution.fsproj", "{D8ECA989-4383-47D3-B443-4D7BFF1F05E7}"
EndProject
Project("{2150E333-8FDC-42A3-9474-1A3956D46DE8}") = "tests", "tests", "{3820D9E8-1B4E-486E-9C46-D52E3784D222}"
EndProject
Project("{F2A71F9B-5D33-465A-A702-920D77279786}") = "Tests", "tests\Tests\Tests.fsproj", "{DB61305F-4CA9-4D92-82A5-503495F515E8}"
EndProject
Project("{F2A71F9B-5D33-465A-A702-920D77279786}") = "LibBackend", "src\LibBackend\LibBackend.fsproj", "{3FC57943-9D51-49AE-9FBD-4A112B4F68D6}"
EndProject
Project("{F2A71F9B-5D33-465A-A702-920D77279786}") = "Prelude", "src\Prelude\Prelude.fsproj", "{5FD0E378-FD88-45E5-9963-BFF2921E6A6A}"
EndProject
Project("{F2A71F9B-5D33-465A-A702-920D77279786}") = "LibService", "src\LibService\LibService.fsproj", "{824DD2A5-7F01-4A8A-9ABD-9F91F52582AD}"
EndProject
Project("{F2A71F9B-5D33-465A-A702-920D77279786}") = "TestUtils", "tests\TestUtils\TestUtils.fsproj", "{839A1EF7-18F5-491E-B40B-2BAA57378B40}"
EndProject
Project("{F2A71F9B-5D33-465A-A702-920D77279786}") = "StdLibExecution", "src\StdLibExecution\StdLibExecution.fsproj", "{BBFC824F-A0DE-4A28-B82F-49C04EBA7475}"
EndProject
Project("{F2A71F9B-5D33-465A-A702-920D77279786}") = "LibRealExecution", "src\LibRealExecution\LibRealExecution.fsproj", "{FA55A52D-B880-4931-A121-85C8DAD8DD28}"
EndProject
Project("{F2A71F9B-5D33-465A-A702-920D77279786}") = "QueueWorker", "src\QueueWorker\QueueWorker.fsproj", "{36E1611F-55E4-4DFE-BB04-913FEA9950ED}"
EndProject
Project("{F2A71F9B-5D33-465A-A702-920D77279786}") = "StdLibCloudExecution", "src\StdLibCloudExecution\StdLibCloudExecution.fsproj", "{82CA75E9-53BD-4324-B86B-44F280BAF331}"
EndProject
Project("{F2A71F9B-5D33-465A-A702-920D77279786}") = "HttpMiddleware", "src\HttpMiddleware\HttpMiddleware.fsproj", "{DAE2B2E9-40AF-4D99-A5B0-79678F94BFDA}"
EndProject
Project("{F2A71F9B-5D33-465A-A702-920D77279786}") = "ProdExec", "src\ProdExec\ProdExec.fsproj", "{00488B6E-9BB3-49AA-AE42-C120799D803C}"
EndProject
Project("{F2A71F9B-5D33-465A-A702-920D77279786}") = "CronChecker", "src\CronChecker\CronChecker.fsproj", "{E30A79CB-BBB2-4B47-9170-A11DF11BD28C}"
EndProject
Project("{F2A71F9B-5D33-465A-A702-920D77279786}") = "LibBinarySerialization", "src\LibBinarySerialization\LibBinarySerialization.fsproj", "{5830D9BF-CA28-47B0-964F-343FAB28751B}"
EndProject
Project("{F2A71F9B-5D33-465A-A702-920D77279786}") = "LibAnalysis", "src\LibAnalysis\LibAnalysis.fsproj", "{5A7E2A40-18EB-4BF9-8CF7-7A2545DD1F0B}"
EndProject
Project("{F2A71F9B-5D33-465A-A702-920D77279786}") = "Parser", "src\Parser\Parser.fsproj", "{4D8F42D9-28BA-4D96-A340-52B38E8F47DD}"
EndProject
Project("{2150E333-8FDC-42A3-9474-1A3956D46DE8}") = "experiments", "experiments", "{C401FD09-18FD-45AC-B036-A5C23664036A}"
EndProject
Project("{F2A71F9B-5D33-465A-A702-920D77279786}") = "CanvasHack", "experiments\CanvasHack\CanvasHack.fsproj", "{83A0A509-1FC6-4522-BFF0-09C36A4B29B6}"
EndProject
Project("{F2A71F9B-5D33-465A-A702-920D77279786}") = "LibCLI", "src\LibCLI\LibCLI.fsproj", "{264259BE-F031-4B4B-8FF6-BC0872CF0942}"
EndProject
Project("{F2A71F9B-5D33-465A-A702-920D77279786}") = "CLI", "src\CLI\CLI.fsproj", "{DF812CBE-894C-4C90-9EDC-4558983CCDEA}"
EndProject
Project("{F2A71F9B-5D33-465A-A702-920D77279786}") = "BwdDangerServer", "experiments\BwdDangerServer\BwdDangerServer.fsproj", "{1C03DEE5-5ADB-4D2E-969F-5F0C70DF3EC4}"
EndProject
Project("{F2A71F9B-5D33-465A-A702-920D77279786}") = "Wasm", "src\Wasm\Wasm.fsproj", "{5990939C-7E7B-4CFA-86FF-44CA5756498A}"
EndProject
Project("{F2A71F9B-5D33-465A-A702-920D77279786}") = "LocalExec", "src\LocalExec\LocalExec.fsproj", "{FC9D3B85-2CD6-4A5C-B853-BCE770F76FC6}"
EndProject
Project("{F2A71F9B-5D33-465A-A702-920D77279786}") = "StdLibCLI", "src\StdLibCLI\StdLibCLI.fsproj", "{A44BDF6D-0D93-4AA4-9DFA-F48365A31B26}"
EndProject
Project("{F2A71F9B-5D33-465A-A702-920D77279786}") = "StdLibDarkInternal", "src\StdLibDarkInternal\StdLibDarkInternal.fsproj", "{B6933551-A7A3-4A85-BEF4-43214ABB04DF}"
EndProject
Project("{F2A71F9B-5D33-465A-A702-920D77279786}") = "StdLibCLIHost", "src\StdLibCLIHost\StdLibCLIHost.fsproj", "{3C787EBA-5783-436A-83B7-BE7F07CB1169}"
EndProject
Global
	GlobalSection(SolutionConfigurationPlatforms) = preSolution
		Debug|Any CPU = Debug|Any CPU
		Debug|x64 = Debug|x64
		Debug|x86 = Debug|x86
		Release|Any CPU = Release|Any CPU
		Release|x64 = Release|x64
		Release|x86 = Release|x86
	EndGlobalSection
	GlobalSection(SolutionProperties) = preSolution
		HideSolutionNode = FALSE
	EndGlobalSection
	GlobalSection(ProjectConfigurationPlatforms) = postSolution
		{B56110F0-2D27-4718-8C80-E7FDE3439A63}.Debug|Any CPU.ActiveCfg = Debug|Any CPU
		{B56110F0-2D27-4718-8C80-E7FDE3439A63}.Debug|Any CPU.Build.0 = Debug|Any CPU
		{B56110F0-2D27-4718-8C80-E7FDE3439A63}.Debug|x64.ActiveCfg = Debug|Any CPU
		{B56110F0-2D27-4718-8C80-E7FDE3439A63}.Debug|x64.Build.0 = Debug|Any CPU
		{B56110F0-2D27-4718-8C80-E7FDE3439A63}.Debug|x86.ActiveCfg = Debug|Any CPU
		{B56110F0-2D27-4718-8C80-E7FDE3439A63}.Debug|x86.Build.0 = Debug|Any CPU
		{B56110F0-2D27-4718-8C80-E7FDE3439A63}.Release|Any CPU.ActiveCfg = Release|Any CPU
		{B56110F0-2D27-4718-8C80-E7FDE3439A63}.Release|Any CPU.Build.0 = Release|Any CPU
		{B56110F0-2D27-4718-8C80-E7FDE3439A63}.Release|x64.ActiveCfg = Release|Any CPU
		{B56110F0-2D27-4718-8C80-E7FDE3439A63}.Release|x64.Build.0 = Release|Any CPU
		{B56110F0-2D27-4718-8C80-E7FDE3439A63}.Release|x86.ActiveCfg = Release|Any CPU
		{B56110F0-2D27-4718-8C80-E7FDE3439A63}.Release|x86.Build.0 = Release|Any CPU
		{D8ECA989-4383-47D3-B443-4D7BFF1F05E7}.Debug|Any CPU.ActiveCfg = Debug|Any CPU
		{D8ECA989-4383-47D3-B443-4D7BFF1F05E7}.Debug|Any CPU.Build.0 = Debug|Any CPU
		{D8ECA989-4383-47D3-B443-4D7BFF1F05E7}.Debug|x64.ActiveCfg = Debug|Any CPU
		{D8ECA989-4383-47D3-B443-4D7BFF1F05E7}.Debug|x64.Build.0 = Debug|Any CPU
		{D8ECA989-4383-47D3-B443-4D7BFF1F05E7}.Debug|x86.ActiveCfg = Debug|Any CPU
		{D8ECA989-4383-47D3-B443-4D7BFF1F05E7}.Debug|x86.Build.0 = Debug|Any CPU
		{D8ECA989-4383-47D3-B443-4D7BFF1F05E7}.Release|Any CPU.ActiveCfg = Release|Any CPU
		{D8ECA989-4383-47D3-B443-4D7BFF1F05E7}.Release|Any CPU.Build.0 = Release|Any CPU
		{D8ECA989-4383-47D3-B443-4D7BFF1F05E7}.Release|x64.ActiveCfg = Release|Any CPU
		{D8ECA989-4383-47D3-B443-4D7BFF1F05E7}.Release|x64.Build.0 = Release|Any CPU
		{D8ECA989-4383-47D3-B443-4D7BFF1F05E7}.Release|x86.ActiveCfg = Release|Any CPU
		{D8ECA989-4383-47D3-B443-4D7BFF1F05E7}.Release|x86.Build.0 = Release|Any CPU
		{DB61305F-4CA9-4D92-82A5-503495F515E8}.Debug|Any CPU.ActiveCfg = Debug|Any CPU
		{DB61305F-4CA9-4D92-82A5-503495F515E8}.Debug|Any CPU.Build.0 = Debug|Any CPU
		{DB61305F-4CA9-4D92-82A5-503495F515E8}.Debug|x64.ActiveCfg = Debug|Any CPU
		{DB61305F-4CA9-4D92-82A5-503495F515E8}.Debug|x64.Build.0 = Debug|Any CPU
		{DB61305F-4CA9-4D92-82A5-503495F515E8}.Debug|x86.ActiveCfg = Debug|Any CPU
		{DB61305F-4CA9-4D92-82A5-503495F515E8}.Debug|x86.Build.0 = Debug|Any CPU
		{DB61305F-4CA9-4D92-82A5-503495F515E8}.Release|Any CPU.ActiveCfg = Release|Any CPU
		{DB61305F-4CA9-4D92-82A5-503495F515E8}.Release|Any CPU.Build.0 = Release|Any CPU
		{DB61305F-4CA9-4D92-82A5-503495F515E8}.Release|x64.ActiveCfg = Release|Any CPU
		{DB61305F-4CA9-4D92-82A5-503495F515E8}.Release|x64.Build.0 = Release|Any CPU
		{DB61305F-4CA9-4D92-82A5-503495F515E8}.Release|x86.ActiveCfg = Release|Any CPU
		{DB61305F-4CA9-4D92-82A5-503495F515E8}.Release|x86.Build.0 = Release|Any CPU
		{3FC57943-9D51-49AE-9FBD-4A112B4F68D6}.Debug|Any CPU.ActiveCfg = Debug|Any CPU
		{3FC57943-9D51-49AE-9FBD-4A112B4F68D6}.Debug|Any CPU.Build.0 = Debug|Any CPU
		{3FC57943-9D51-49AE-9FBD-4A112B4F68D6}.Debug|x64.ActiveCfg = Debug|Any CPU
		{3FC57943-9D51-49AE-9FBD-4A112B4F68D6}.Debug|x64.Build.0 = Debug|Any CPU
		{3FC57943-9D51-49AE-9FBD-4A112B4F68D6}.Debug|x86.ActiveCfg = Debug|Any CPU
		{3FC57943-9D51-49AE-9FBD-4A112B4F68D6}.Debug|x86.Build.0 = Debug|Any CPU
		{3FC57943-9D51-49AE-9FBD-4A112B4F68D6}.Release|Any CPU.ActiveCfg = Release|Any CPU
		{3FC57943-9D51-49AE-9FBD-4A112B4F68D6}.Release|Any CPU.Build.0 = Release|Any CPU
		{3FC57943-9D51-49AE-9FBD-4A112B4F68D6}.Release|x64.ActiveCfg = Release|Any CPU
		{3FC57943-9D51-49AE-9FBD-4A112B4F68D6}.Release|x64.Build.0 = Release|Any CPU
		{3FC57943-9D51-49AE-9FBD-4A112B4F68D6}.Release|x86.ActiveCfg = Release|Any CPU
		{3FC57943-9D51-49AE-9FBD-4A112B4F68D6}.Release|x86.Build.0 = Release|Any CPU
		{5FD0E378-FD88-45E5-9963-BFF2921E6A6A}.Debug|Any CPU.ActiveCfg = Debug|Any CPU
		{5FD0E378-FD88-45E5-9963-BFF2921E6A6A}.Debug|Any CPU.Build.0 = Debug|Any CPU
		{5FD0E378-FD88-45E5-9963-BFF2921E6A6A}.Debug|x64.ActiveCfg = Debug|Any CPU
		{5FD0E378-FD88-45E5-9963-BFF2921E6A6A}.Debug|x64.Build.0 = Debug|Any CPU
		{5FD0E378-FD88-45E5-9963-BFF2921E6A6A}.Debug|x86.ActiveCfg = Debug|Any CPU
		{5FD0E378-FD88-45E5-9963-BFF2921E6A6A}.Debug|x86.Build.0 = Debug|Any CPU
		{5FD0E378-FD88-45E5-9963-BFF2921E6A6A}.Release|Any CPU.ActiveCfg = Release|Any CPU
		{5FD0E378-FD88-45E5-9963-BFF2921E6A6A}.Release|Any CPU.Build.0 = Release|Any CPU
		{5FD0E378-FD88-45E5-9963-BFF2921E6A6A}.Release|x64.ActiveCfg = Release|Any CPU
		{5FD0E378-FD88-45E5-9963-BFF2921E6A6A}.Release|x64.Build.0 = Release|Any CPU
		{5FD0E378-FD88-45E5-9963-BFF2921E6A6A}.Release|x86.ActiveCfg = Release|Any CPU
		{5FD0E378-FD88-45E5-9963-BFF2921E6A6A}.Release|x86.Build.0 = Release|Any CPU
		{824DD2A5-7F01-4A8A-9ABD-9F91F52582AD}.Debug|Any CPU.ActiveCfg = Debug|Any CPU
		{824DD2A5-7F01-4A8A-9ABD-9F91F52582AD}.Debug|Any CPU.Build.0 = Debug|Any CPU
		{824DD2A5-7F01-4A8A-9ABD-9F91F52582AD}.Debug|x64.ActiveCfg = Debug|Any CPU
		{824DD2A5-7F01-4A8A-9ABD-9F91F52582AD}.Debug|x64.Build.0 = Debug|Any CPU
		{824DD2A5-7F01-4A8A-9ABD-9F91F52582AD}.Debug|x86.ActiveCfg = Debug|Any CPU
		{824DD2A5-7F01-4A8A-9ABD-9F91F52582AD}.Debug|x86.Build.0 = Debug|Any CPU
		{824DD2A5-7F01-4A8A-9ABD-9F91F52582AD}.Release|Any CPU.ActiveCfg = Release|Any CPU
		{824DD2A5-7F01-4A8A-9ABD-9F91F52582AD}.Release|Any CPU.Build.0 = Release|Any CPU
		{824DD2A5-7F01-4A8A-9ABD-9F91F52582AD}.Release|x64.ActiveCfg = Release|Any CPU
		{824DD2A5-7F01-4A8A-9ABD-9F91F52582AD}.Release|x64.Build.0 = Release|Any CPU
		{824DD2A5-7F01-4A8A-9ABD-9F91F52582AD}.Release|x86.ActiveCfg = Release|Any CPU
		{824DD2A5-7F01-4A8A-9ABD-9F91F52582AD}.Release|x86.Build.0 = Release|Any CPU
		{839A1EF7-18F5-491E-B40B-2BAA57378B40}.Debug|Any CPU.ActiveCfg = Debug|Any CPU
		{839A1EF7-18F5-491E-B40B-2BAA57378B40}.Debug|Any CPU.Build.0 = Debug|Any CPU
		{839A1EF7-18F5-491E-B40B-2BAA57378B40}.Debug|x64.ActiveCfg = Debug|Any CPU
		{839A1EF7-18F5-491E-B40B-2BAA57378B40}.Debug|x64.Build.0 = Debug|Any CPU
		{839A1EF7-18F5-491E-B40B-2BAA57378B40}.Debug|x86.ActiveCfg = Debug|Any CPU
		{839A1EF7-18F5-491E-B40B-2BAA57378B40}.Debug|x86.Build.0 = Debug|Any CPU
		{839A1EF7-18F5-491E-B40B-2BAA57378B40}.Release|Any CPU.ActiveCfg = Release|Any CPU
		{839A1EF7-18F5-491E-B40B-2BAA57378B40}.Release|Any CPU.Build.0 = Release|Any CPU
		{839A1EF7-18F5-491E-B40B-2BAA57378B40}.Release|x64.ActiveCfg = Release|Any CPU
		{839A1EF7-18F5-491E-B40B-2BAA57378B40}.Release|x64.Build.0 = Release|Any CPU
		{839A1EF7-18F5-491E-B40B-2BAA57378B40}.Release|x86.ActiveCfg = Release|Any CPU
		{839A1EF7-18F5-491E-B40B-2BAA57378B40}.Release|x86.Build.0 = Release|Any CPU
		{BBFC824F-A0DE-4A28-B82F-49C04EBA7475}.Debug|Any CPU.ActiveCfg = Debug|Any CPU
		{BBFC824F-A0DE-4A28-B82F-49C04EBA7475}.Debug|Any CPU.Build.0 = Debug|Any CPU
		{BBFC824F-A0DE-4A28-B82F-49C04EBA7475}.Debug|x64.ActiveCfg = Debug|Any CPU
		{BBFC824F-A0DE-4A28-B82F-49C04EBA7475}.Debug|x64.Build.0 = Debug|Any CPU
		{BBFC824F-A0DE-4A28-B82F-49C04EBA7475}.Debug|x86.ActiveCfg = Debug|Any CPU
		{BBFC824F-A0DE-4A28-B82F-49C04EBA7475}.Debug|x86.Build.0 = Debug|Any CPU
		{BBFC824F-A0DE-4A28-B82F-49C04EBA7475}.Release|Any CPU.ActiveCfg = Release|Any CPU
		{BBFC824F-A0DE-4A28-B82F-49C04EBA7475}.Release|Any CPU.Build.0 = Release|Any CPU
		{BBFC824F-A0DE-4A28-B82F-49C04EBA7475}.Release|x64.ActiveCfg = Release|Any CPU
		{BBFC824F-A0DE-4A28-B82F-49C04EBA7475}.Release|x64.Build.0 = Release|Any CPU
		{BBFC824F-A0DE-4A28-B82F-49C04EBA7475}.Release|x86.ActiveCfg = Release|Any CPU
		{BBFC824F-A0DE-4A28-B82F-49C04EBA7475}.Release|x86.Build.0 = Release|Any CPU
		{FA55A52D-B880-4931-A121-85C8DAD8DD28}.Debug|Any CPU.ActiveCfg = Debug|Any CPU
		{FA55A52D-B880-4931-A121-85C8DAD8DD28}.Debug|Any CPU.Build.0 = Debug|Any CPU
		{FA55A52D-B880-4931-A121-85C8DAD8DD28}.Debug|x64.ActiveCfg = Debug|Any CPU
		{FA55A52D-B880-4931-A121-85C8DAD8DD28}.Debug|x64.Build.0 = Debug|Any CPU
		{FA55A52D-B880-4931-A121-85C8DAD8DD28}.Debug|x86.ActiveCfg = Debug|Any CPU
		{FA55A52D-B880-4931-A121-85C8DAD8DD28}.Debug|x86.Build.0 = Debug|Any CPU
		{FA55A52D-B880-4931-A121-85C8DAD8DD28}.Release|Any CPU.ActiveCfg = Release|Any CPU
		{FA55A52D-B880-4931-A121-85C8DAD8DD28}.Release|Any CPU.Build.0 = Release|Any CPU
		{FA55A52D-B880-4931-A121-85C8DAD8DD28}.Release|x64.ActiveCfg = Release|Any CPU
		{FA55A52D-B880-4931-A121-85C8DAD8DD28}.Release|x64.Build.0 = Release|Any CPU
		{FA55A52D-B880-4931-A121-85C8DAD8DD28}.Release|x86.ActiveCfg = Release|Any CPU
		{FA55A52D-B880-4931-A121-85C8DAD8DD28}.Release|x86.Build.0 = Release|Any CPU
		{36E1611F-55E4-4DFE-BB04-913FEA9950ED}.Debug|Any CPU.ActiveCfg = Debug|Any CPU
		{36E1611F-55E4-4DFE-BB04-913FEA9950ED}.Debug|Any CPU.Build.0 = Debug|Any CPU
		{36E1611F-55E4-4DFE-BB04-913FEA9950ED}.Debug|x64.ActiveCfg = Debug|Any CPU
		{36E1611F-55E4-4DFE-BB04-913FEA9950ED}.Debug|x64.Build.0 = Debug|Any CPU
		{36E1611F-55E4-4DFE-BB04-913FEA9950ED}.Debug|x86.ActiveCfg = Debug|Any CPU
		{36E1611F-55E4-4DFE-BB04-913FEA9950ED}.Debug|x86.Build.0 = Debug|Any CPU
		{36E1611F-55E4-4DFE-BB04-913FEA9950ED}.Release|Any CPU.ActiveCfg = Release|Any CPU
		{36E1611F-55E4-4DFE-BB04-913FEA9950ED}.Release|Any CPU.Build.0 = Release|Any CPU
		{36E1611F-55E4-4DFE-BB04-913FEA9950ED}.Release|x64.ActiveCfg = Release|Any CPU
		{36E1611F-55E4-4DFE-BB04-913FEA9950ED}.Release|x64.Build.0 = Release|Any CPU
		{36E1611F-55E4-4DFE-BB04-913FEA9950ED}.Release|x86.ActiveCfg = Release|Any CPU
		{36E1611F-55E4-4DFE-BB04-913FEA9950ED}.Release|x86.Build.0 = Release|Any CPU
		{82CA75E9-53BD-4324-B86B-44F280BAF331}.Debug|Any CPU.ActiveCfg = Debug|Any CPU
		{82CA75E9-53BD-4324-B86B-44F280BAF331}.Debug|Any CPU.Build.0 = Debug|Any CPU
		{82CA75E9-53BD-4324-B86B-44F280BAF331}.Debug|x64.ActiveCfg = Debug|Any CPU
		{82CA75E9-53BD-4324-B86B-44F280BAF331}.Debug|x64.Build.0 = Debug|Any CPU
		{82CA75E9-53BD-4324-B86B-44F280BAF331}.Debug|x86.ActiveCfg = Debug|Any CPU
		{82CA75E9-53BD-4324-B86B-44F280BAF331}.Debug|x86.Build.0 = Debug|Any CPU
		{82CA75E9-53BD-4324-B86B-44F280BAF331}.Release|Any CPU.ActiveCfg = Release|Any CPU
		{82CA75E9-53BD-4324-B86B-44F280BAF331}.Release|Any CPU.Build.0 = Release|Any CPU
		{82CA75E9-53BD-4324-B86B-44F280BAF331}.Release|x64.ActiveCfg = Release|Any CPU
		{82CA75E9-53BD-4324-B86B-44F280BAF331}.Release|x64.Build.0 = Release|Any CPU
		{82CA75E9-53BD-4324-B86B-44F280BAF331}.Release|x86.ActiveCfg = Release|Any CPU
		{82CA75E9-53BD-4324-B86B-44F280BAF331}.Release|x86.Build.0 = Release|Any CPU
		{DAE2B2E9-40AF-4D99-A5B0-79678F94BFDA}.Debug|Any CPU.ActiveCfg = Debug|Any CPU
		{DAE2B2E9-40AF-4D99-A5B0-79678F94BFDA}.Debug|Any CPU.Build.0 = Debug|Any CPU
		{DAE2B2E9-40AF-4D99-A5B0-79678F94BFDA}.Debug|x64.ActiveCfg = Debug|Any CPU
		{DAE2B2E9-40AF-4D99-A5B0-79678F94BFDA}.Debug|x64.Build.0 = Debug|Any CPU
		{DAE2B2E9-40AF-4D99-A5B0-79678F94BFDA}.Debug|x86.ActiveCfg = Debug|Any CPU
		{DAE2B2E9-40AF-4D99-A5B0-79678F94BFDA}.Debug|x86.Build.0 = Debug|Any CPU
		{DAE2B2E9-40AF-4D99-A5B0-79678F94BFDA}.Release|Any CPU.ActiveCfg = Release|Any CPU
		{DAE2B2E9-40AF-4D99-A5B0-79678F94BFDA}.Release|Any CPU.Build.0 = Release|Any CPU
		{DAE2B2E9-40AF-4D99-A5B0-79678F94BFDA}.Release|x64.ActiveCfg = Release|Any CPU
		{DAE2B2E9-40AF-4D99-A5B0-79678F94BFDA}.Release|x64.Build.0 = Release|Any CPU
		{DAE2B2E9-40AF-4D99-A5B0-79678F94BFDA}.Release|x86.ActiveCfg = Release|Any CPU
		{DAE2B2E9-40AF-4D99-A5B0-79678F94BFDA}.Release|x86.Build.0 = Release|Any CPU
		{00488B6E-9BB3-49AA-AE42-C120799D803C}.Debug|Any CPU.ActiveCfg = Debug|Any CPU
		{00488B6E-9BB3-49AA-AE42-C120799D803C}.Debug|Any CPU.Build.0 = Debug|Any CPU
		{00488B6E-9BB3-49AA-AE42-C120799D803C}.Debug|x64.ActiveCfg = Debug|Any CPU
		{00488B6E-9BB3-49AA-AE42-C120799D803C}.Debug|x64.Build.0 = Debug|Any CPU
		{00488B6E-9BB3-49AA-AE42-C120799D803C}.Debug|x86.ActiveCfg = Debug|Any CPU
		{00488B6E-9BB3-49AA-AE42-C120799D803C}.Debug|x86.Build.0 = Debug|Any CPU
		{00488B6E-9BB3-49AA-AE42-C120799D803C}.Release|Any CPU.ActiveCfg = Release|Any CPU
		{00488B6E-9BB3-49AA-AE42-C120799D803C}.Release|Any CPU.Build.0 = Release|Any CPU
		{00488B6E-9BB3-49AA-AE42-C120799D803C}.Release|x64.ActiveCfg = Release|Any CPU
		{00488B6E-9BB3-49AA-AE42-C120799D803C}.Release|x64.Build.0 = Release|Any CPU
		{00488B6E-9BB3-49AA-AE42-C120799D803C}.Release|x86.ActiveCfg = Release|Any CPU
		{00488B6E-9BB3-49AA-AE42-C120799D803C}.Release|x86.Build.0 = Release|Any CPU
		{E30A79CB-BBB2-4B47-9170-A11DF11BD28C}.Debug|Any CPU.ActiveCfg = Debug|Any CPU
		{E30A79CB-BBB2-4B47-9170-A11DF11BD28C}.Debug|Any CPU.Build.0 = Debug|Any CPU
		{E30A79CB-BBB2-4B47-9170-A11DF11BD28C}.Debug|x64.ActiveCfg = Debug|Any CPU
		{E30A79CB-BBB2-4B47-9170-A11DF11BD28C}.Debug|x64.Build.0 = Debug|Any CPU
		{E30A79CB-BBB2-4B47-9170-A11DF11BD28C}.Debug|x86.ActiveCfg = Debug|Any CPU
		{E30A79CB-BBB2-4B47-9170-A11DF11BD28C}.Debug|x86.Build.0 = Debug|Any CPU
		{E30A79CB-BBB2-4B47-9170-A11DF11BD28C}.Release|Any CPU.ActiveCfg = Release|Any CPU
		{E30A79CB-BBB2-4B47-9170-A11DF11BD28C}.Release|Any CPU.Build.0 = Release|Any CPU
		{E30A79CB-BBB2-4B47-9170-A11DF11BD28C}.Release|x64.ActiveCfg = Release|Any CPU
		{E30A79CB-BBB2-4B47-9170-A11DF11BD28C}.Release|x64.Build.0 = Release|Any CPU
		{E30A79CB-BBB2-4B47-9170-A11DF11BD28C}.Release|x86.ActiveCfg = Release|Any CPU
		{E30A79CB-BBB2-4B47-9170-A11DF11BD28C}.Release|x86.Build.0 = Release|Any CPU
		{5830D9BF-CA28-47B0-964F-343FAB28751B}.Debug|Any CPU.ActiveCfg = Debug|Any CPU
		{5830D9BF-CA28-47B0-964F-343FAB28751B}.Debug|Any CPU.Build.0 = Debug|Any CPU
		{5830D9BF-CA28-47B0-964F-343FAB28751B}.Debug|x64.ActiveCfg = Debug|Any CPU
		{5830D9BF-CA28-47B0-964F-343FAB28751B}.Debug|x64.Build.0 = Debug|Any CPU
		{5830D9BF-CA28-47B0-964F-343FAB28751B}.Debug|x86.ActiveCfg = Debug|Any CPU
		{5830D9BF-CA28-47B0-964F-343FAB28751B}.Debug|x86.Build.0 = Debug|Any CPU
		{5830D9BF-CA28-47B0-964F-343FAB28751B}.Release|Any CPU.ActiveCfg = Release|Any CPU
		{5830D9BF-CA28-47B0-964F-343FAB28751B}.Release|Any CPU.Build.0 = Release|Any CPU
		{5830D9BF-CA28-47B0-964F-343FAB28751B}.Release|x64.ActiveCfg = Release|Any CPU
		{5830D9BF-CA28-47B0-964F-343FAB28751B}.Release|x64.Build.0 = Release|Any CPU
		{5830D9BF-CA28-47B0-964F-343FAB28751B}.Release|x86.ActiveCfg = Release|Any CPU
		{5830D9BF-CA28-47B0-964F-343FAB28751B}.Release|x86.Build.0 = Release|Any CPU
		{5A7E2A40-18EB-4BF9-8CF7-7A2545DD1F0B}.Debug|Any CPU.ActiveCfg = Debug|Any CPU
		{5A7E2A40-18EB-4BF9-8CF7-7A2545DD1F0B}.Debug|Any CPU.Build.0 = Debug|Any CPU
		{5A7E2A40-18EB-4BF9-8CF7-7A2545DD1F0B}.Debug|x64.ActiveCfg = Debug|Any CPU
		{5A7E2A40-18EB-4BF9-8CF7-7A2545DD1F0B}.Debug|x64.Build.0 = Debug|Any CPU
		{5A7E2A40-18EB-4BF9-8CF7-7A2545DD1F0B}.Debug|x86.ActiveCfg = Debug|Any CPU
		{5A7E2A40-18EB-4BF9-8CF7-7A2545DD1F0B}.Debug|x86.Build.0 = Debug|Any CPU
		{5A7E2A40-18EB-4BF9-8CF7-7A2545DD1F0B}.Release|Any CPU.ActiveCfg = Release|Any CPU
		{5A7E2A40-18EB-4BF9-8CF7-7A2545DD1F0B}.Release|Any CPU.Build.0 = Release|Any CPU
		{5A7E2A40-18EB-4BF9-8CF7-7A2545DD1F0B}.Release|x64.ActiveCfg = Release|Any CPU
		{5A7E2A40-18EB-4BF9-8CF7-7A2545DD1F0B}.Release|x64.Build.0 = Release|Any CPU
		{5A7E2A40-18EB-4BF9-8CF7-7A2545DD1F0B}.Release|x86.ActiveCfg = Release|Any CPU
		{5A7E2A40-18EB-4BF9-8CF7-7A2545DD1F0B}.Release|x86.Build.0 = Release|Any CPU
		{EDAB6E2C-A0C9-4C66-A9AB-D07FB64EA4A8}.Debug|Any CPU.ActiveCfg = Debug|Any CPU
		{EDAB6E2C-A0C9-4C66-A9AB-D07FB64EA4A8}.Debug|Any CPU.Build.0 = Debug|Any CPU
		{EDAB6E2C-A0C9-4C66-A9AB-D07FB64EA4A8}.Debug|x64.ActiveCfg = Debug|Any CPU
		{EDAB6E2C-A0C9-4C66-A9AB-D07FB64EA4A8}.Debug|x64.Build.0 = Debug|Any CPU
		{EDAB6E2C-A0C9-4C66-A9AB-D07FB64EA4A8}.Debug|x86.ActiveCfg = Debug|Any CPU
		{EDAB6E2C-A0C9-4C66-A9AB-D07FB64EA4A8}.Debug|x86.Build.0 = Debug|Any CPU
		{EDAB6E2C-A0C9-4C66-A9AB-D07FB64EA4A8}.Release|Any CPU.ActiveCfg = Release|Any CPU
		{EDAB6E2C-A0C9-4C66-A9AB-D07FB64EA4A8}.Release|Any CPU.Build.0 = Release|Any CPU
		{EDAB6E2C-A0C9-4C66-A9AB-D07FB64EA4A8}.Release|x64.ActiveCfg = Release|Any CPU
		{EDAB6E2C-A0C9-4C66-A9AB-D07FB64EA4A8}.Release|x64.Build.0 = Release|Any CPU
		{EDAB6E2C-A0C9-4C66-A9AB-D07FB64EA4A8}.Release|x86.ActiveCfg = Release|Any CPU
		{EDAB6E2C-A0C9-4C66-A9AB-D07FB64EA4A8}.Release|x86.Build.0 = Release|Any CPU
		{4D8F42D9-28BA-4D96-A340-52B38E8F47DD}.Debug|Any CPU.ActiveCfg = Debug|Any CPU
		{4D8F42D9-28BA-4D96-A340-52B38E8F47DD}.Debug|Any CPU.Build.0 = Debug|Any CPU
		{4D8F42D9-28BA-4D96-A340-52B38E8F47DD}.Debug|x64.ActiveCfg = Debug|Any CPU
		{4D8F42D9-28BA-4D96-A340-52B38E8F47DD}.Debug|x64.Build.0 = Debug|Any CPU
		{4D8F42D9-28BA-4D96-A340-52B38E8F47DD}.Debug|x86.ActiveCfg = Debug|Any CPU
		{4D8F42D9-28BA-4D96-A340-52B38E8F47DD}.Debug|x86.Build.0 = Debug|Any CPU
		{4D8F42D9-28BA-4D96-A340-52B38E8F47DD}.Release|Any CPU.ActiveCfg = Release|Any CPU
		{4D8F42D9-28BA-4D96-A340-52B38E8F47DD}.Release|Any CPU.Build.0 = Release|Any CPU
		{4D8F42D9-28BA-4D96-A340-52B38E8F47DD}.Release|x64.ActiveCfg = Release|Any CPU
		{4D8F42D9-28BA-4D96-A340-52B38E8F47DD}.Release|x64.Build.0 = Release|Any CPU
		{4D8F42D9-28BA-4D96-A340-52B38E8F47DD}.Release|x86.ActiveCfg = Release|Any CPU
		{4D8F42D9-28BA-4D96-A340-52B38E8F47DD}.Release|x86.Build.0 = Release|Any CPU
		{83A0A509-1FC6-4522-BFF0-09C36A4B29B6}.Debug|Any CPU.ActiveCfg = Debug|Any CPU
		{83A0A509-1FC6-4522-BFF0-09C36A4B29B6}.Debug|Any CPU.Build.0 = Debug|Any CPU
		{83A0A509-1FC6-4522-BFF0-09C36A4B29B6}.Debug|x64.ActiveCfg = Debug|Any CPU
		{83A0A509-1FC6-4522-BFF0-09C36A4B29B6}.Debug|x64.Build.0 = Debug|Any CPU
		{83A0A509-1FC6-4522-BFF0-09C36A4B29B6}.Debug|x86.ActiveCfg = Debug|Any CPU
		{83A0A509-1FC6-4522-BFF0-09C36A4B29B6}.Debug|x86.Build.0 = Debug|Any CPU
		{83A0A509-1FC6-4522-BFF0-09C36A4B29B6}.Release|Any CPU.ActiveCfg = Release|Any CPU
		{83A0A509-1FC6-4522-BFF0-09C36A4B29B6}.Release|Any CPU.Build.0 = Release|Any CPU
		{83A0A509-1FC6-4522-BFF0-09C36A4B29B6}.Release|x64.ActiveCfg = Release|Any CPU
		{83A0A509-1FC6-4522-BFF0-09C36A4B29B6}.Release|x64.Build.0 = Release|Any CPU
		{83A0A509-1FC6-4522-BFF0-09C36A4B29B6}.Release|x86.ActiveCfg = Release|Any CPU
		{83A0A509-1FC6-4522-BFF0-09C36A4B29B6}.Release|x86.Build.0 = Release|Any CPU
		{264259BE-F031-4B4B-8FF6-BC0872CF094}.Debug|Any CPU.ActiveCfg = Debug|Any CPU
		{264259BE-F031-4B4B-8FF6-BC0872CF094}.Debug|Any CPU.Build.0 = Debug|Any CPU
		{264259BE-F031-4B4B-8FF6-BC0872CF094}.Debug|x64.ActiveCfg = Debug|Any CPU
		{264259BE-F031-4B4B-8FF6-BC0872CF094}.Debug|x64.Build.0 = Debug|Any CPU
		{264259BE-F031-4B4B-8FF6-BC0872CF094}.Debug|x86.ActiveCfg = Debug|Any CPU
		{264259BE-F031-4B4B-8FF6-BC0872CF094}.Debug|x86.Build.0 = Debug|Any CPU
		{264259BE-F031-4B4B-8FF6-BC0872CF094}.Release|Any CPU.ActiveCfg = Release|Any CPU
		{264259BE-F031-4B4B-8FF6-BC0872CF094}.Release|Any CPU.Build.0 = Release|Any CPU
		{264259BE-F031-4B4B-8FF6-BC0872CF094}.Release|x64.ActiveCfg = Release|Any CPU
		{264259BE-F031-4B4B-8FF6-BC0872CF094}.Release|x64.Build.0 = Release|Any CPU
		{264259BE-F031-4B4B-8FF6-BC0872CF094}.Release|x86.ActiveCfg = Release|Any CPU
		{264259BE-F031-4B4B-8FF6-BC0872CF0942}.Release|x86.Build.0 = Release|Any CPU
    {DF812CBE-894C-4C90-9EDC-4558983CCDEA}.Debug|Any CPU.ActiveCfg = Debug|Any CPU
		{DF812CBE-894C-4C90-9EDC-4558983CCDEA}.Debug|Any CPU.Build.0 = Debug|Any CPU
		{DF812CBE-894C-4C90-9EDC-4558983CCDEA}.Debug|x64.ActiveCfg = Debug|Any CPU
		{DF812CBE-894C-4C90-9EDC-4558983CCDEA}.Debug|x64.Build.0 = Debug|Any CPU
		{DF812CBE-894C-4C90-9EDC-4558983CCDEA}.Debug|x86.ActiveCfg = Debug|Any CPU
		{DF812CBE-894C-4C90-9EDC-4558983CCDEA}.Debug|x86.Build.0 = Debug|Any CPU
		{DF812CBE-894C-4C90-9EDC-4558983CCDEA}.Release|Any CPU.ActiveCfg = Release|Any CPU
		{DF812CBE-894C-4C90-9EDC-4558983CCDEA}.Release|Any CPU.Build.0 = Release|Any CPU
		{DF812CBE-894C-4C90-9EDC-4558983CCDEA}.Release|x64.ActiveCfg = Release|Any CPU
		{DF812CBE-894C-4C90-9EDC-4558983CCDEA}.Release|x64.Build.0 = Release|Any CPU
		{DF812CBE-894C-4C90-9EDC-4558983CCDEA}.Release|x86.ActiveCfg = Release|Any CPU
		{DF812CBE-894C-4C90-9EDC-4558983CCDEA}.Release|x86.Build.0 = Release|Any CPU
		{1C03DEE5-5ADB-4D2E-969F-5F0C70DF3EC4}.Debug|Any CPU.ActiveCfg = Debug|Any CPU
		{1C03DEE5-5ADB-4D2E-969F-5F0C70DF3EC4}.Debug|Any CPU.Build.0 = Debug|Any CPU
		{1C03DEE5-5ADB-4D2E-969F-5F0C70DF3EC4}.Debug|x64.ActiveCfg = Debug|Any CPU
		{1C03DEE5-5ADB-4D2E-969F-5F0C70DF3EC4}.Debug|x64.Build.0 = Debug|Any CPU
		{1C03DEE5-5ADB-4D2E-969F-5F0C70DF3EC4}.Debug|x86.ActiveCfg = Debug|Any CPU
		{1C03DEE5-5ADB-4D2E-969F-5F0C70DF3EC4}.Debug|x86.Build.0 = Debug|Any CPU
		{1C03DEE5-5ADB-4D2E-969F-5F0C70DF3EC4}.Release|Any CPU.ActiveCfg = Release|Any CPU
		{1C03DEE5-5ADB-4D2E-969F-5F0C70DF3EC4}.Release|Any CPU.Build.0 = Release|Any CPU
		{1C03DEE5-5ADB-4D2E-969F-5F0C70DF3EC4}.Release|x64.ActiveCfg = Release|Any CPU
		{1C03DEE5-5ADB-4D2E-969F-5F0C70DF3EC4}.Release|x64.Build.0 = Release|Any CPU
		{1C03DEE5-5ADB-4D2E-969F-5F0C70DF3EC4}.Release|x86.ActiveCfg = Release|Any CPU
		{1C03DEE5-5ADB-4D2E-969F-5F0C70DF3EC4}.Release|x86.Build.0 = Release|Any CPU
		{5990939C-7E7B-4CFA-86FF-44CA5756498A}.Debug|Any CPU.ActiveCfg = Debug|Any CPU
		{5990939C-7E7B-4CFA-86FF-44CA5756498A}.Debug|Any CPU.Build.0 = Debug|Any CPU
		{5990939C-7E7B-4CFA-86FF-44CA5756498A}.Debug|x64.ActiveCfg = Debug|Any CPU
		{5990939C-7E7B-4CFA-86FF-44CA5756498A}.Debug|x64.Build.0 = Debug|Any CPU
		{5990939C-7E7B-4CFA-86FF-44CA5756498A}.Debug|x86.ActiveCfg = Debug|Any CPU
		{5990939C-7E7B-4CFA-86FF-44CA5756498A}.Debug|x86.Build.0 = Debug|Any CPU
		{5990939C-7E7B-4CFA-86FF-44CA5756498A}.Release|Any CPU.ActiveCfg = Release|Any CPU
		{5990939C-7E7B-4CFA-86FF-44CA5756498A}.Release|Any CPU.Build.0 = Release|Any CPU
		{5990939C-7E7B-4CFA-86FF-44CA5756498A}.Release|x64.ActiveCfg = Release|Any CPU
		{5990939C-7E7B-4CFA-86FF-44CA5756498A}.Release|x64.Build.0 = Release|Any CPU
		{5990939C-7E7B-4CFA-86FF-44CA5756498A}.Release|x86.ActiveCfg = Release|Any CPU
		{5990939C-7E7B-4CFA-86FF-44CA5756498A}.Release|x86.Build.0 = Release|Any CPU
		{FC9D3B85-2CD6-4A5C-B853-BCE770F76FC6}.Debug|Any CPU.ActiveCfg = Debug|Any CPU
		{FC9D3B85-2CD6-4A5C-B853-BCE770F76FC6}.Debug|Any CPU.Build.0 = Debug|Any CPU
		{FC9D3B85-2CD6-4A5C-B853-BCE770F76FC6}.Debug|x64.ActiveCfg = Debug|Any CPU
		{FC9D3B85-2CD6-4A5C-B853-BCE770F76FC6}.Debug|x64.Build.0 = Debug|Any CPU
		{FC9D3B85-2CD6-4A5C-B853-BCE770F76FC6}.Debug|x86.ActiveCfg = Debug|Any CPU
		{FC9D3B85-2CD6-4A5C-B853-BCE770F76FC6}.Debug|x86.Build.0 = Debug|Any CPU
		{FC9D3B85-2CD6-4A5C-B853-BCE770F76FC6}.Release|Any CPU.ActiveCfg = Release|Any CPU
		{FC9D3B85-2CD6-4A5C-B853-BCE770F76FC6}.Release|Any CPU.Build.0 = Release|Any CPU
		{FC9D3B85-2CD6-4A5C-B853-BCE770F76FC6}.Release|x64.ActiveCfg = Release|Any CPU
		{FC9D3B85-2CD6-4A5C-B853-BCE770F76FC6}.Release|x64.Build.0 = Release|Any CPU
		{FC9D3B85-2CD6-4A5C-B853-BCE770F76FC6}.Release|x86.ActiveCfg = Release|Any CPU
		{FC9D3B85-2CD6-4A5C-B853-BCE770F76FC6}.Release|x86.Build.0 = Release|Any CPU
		{A44BDF6D-0D93-4AA4-9DFA-F48365A31B26}.Debug|Any CPU.ActiveCfg = Debug|Any CPU
		{A44BDF6D-0D93-4AA4-9DFA-F48365A31B26}.Debug|Any CPU.Build.0 = Debug|Any CPU
		{A44BDF6D-0D93-4AA4-9DFA-F48365A31B26}.Debug|x64.ActiveCfg = Debug|Any CPU
		{A44BDF6D-0D93-4AA4-9DFA-F48365A31B26}.Debug|x64.Build.0 = Debug|Any CPU
		{A44BDF6D-0D93-4AA4-9DFA-F48365A31B26}.Debug|x86.ActiveCfg = Debug|Any CPU
		{A44BDF6D-0D93-4AA4-9DFA-F48365A31B26}.Debug|x86.Build.0 = Debug|Any CPU
		{A44BDF6D-0D93-4AA4-9DFA-F48365A31B26}.Release|Any CPU.ActiveCfg = Release|Any CPU
		{A44BDF6D-0D93-4AA4-9DFA-F48365A31B26}.Release|Any CPU.Build.0 = Release|Any CPU
		{A44BDF6D-0D93-4AA4-9DFA-F48365A31B26}.Release|x64.ActiveCfg = Release|Any CPU
		{A44BDF6D-0D93-4AA4-9DFA-F48365A31B26}.Release|x64.Build.0 = Release|Any CPU
		{A44BDF6D-0D93-4AA4-9DFA-F48365A31B26}.Release|x86.ActiveCfg = Release|Any CPU
		{A44BDF6D-0D93-4AA4-9DFA-F48365A31B26}.Release|x86.Build.0 = Release|Any CPU
		{B6933551-A7A3-4A85-BEF4-43214ABB04DF}.Debug|Any CPU.ActiveCfg = Debug|Any CPU
		{B6933551-A7A3-4A85-BEF4-43214ABB04DF}.Debug|Any CPU.Build.0 = Debug|Any CPU
		{B6933551-A7A3-4A85-BEF4-43214ABB04DF}.Debug|x64.ActiveCfg = Debug|Any CPU
		{B6933551-A7A3-4A85-BEF4-43214ABB04DF}.Debug|x64.Build.0 = Debug|Any CPU
		{B6933551-A7A3-4A85-BEF4-43214ABB04DF}.Debug|x86.ActiveCfg = Debug|Any CPU
		{B6933551-A7A3-4A85-BEF4-43214ABB04DF}.Debug|x86.Build.0 = Debug|Any CPU
		{B6933551-A7A3-4A85-BEF4-43214ABB04DF}.Release|Any CPU.ActiveCfg = Release|Any CPU
		{B6933551-A7A3-4A85-BEF4-43214ABB04DF}.Release|Any CPU.Build.0 = Release|Any CPU
		{B6933551-A7A3-4A85-BEF4-43214ABB04DF}.Release|x64.ActiveCfg = Release|Any CPU
		{B6933551-A7A3-4A85-BEF4-43214ABB04DF}.Release|x64.Build.0 = Release|Any CPU
		{B6933551-A7A3-4A85-BEF4-43214ABB04DF}.Release|x86.ActiveCfg = Release|Any CPU
		{B6933551-A7A3-4A85-BEF4-43214ABB04DF}.Release|x86.Build.0 = Release|Any CPU
		{3C787EBA-5783-436A-83B7-BE7F07CB1169}.Debug|Any CPU.ActiveCfg = Debug|Any CPU
		{3C787EBA-5783-436A-83B7-BE7F07CB1169}.Debug|Any CPU.Build.0 = Debug|Any CPU
		{3C787EBA-5783-436A-83B7-BE7F07CB1169}.Debug|x64.ActiveCfg = Debug|Any CPU
		{3C787EBA-5783-436A-83B7-BE7F07CB1169}.Debug|x64.Build.0 = Debug|Any CPU
		{3C787EBA-5783-436A-83B7-BE7F07CB1169}.Debug|x86.ActiveCfg = Debug|Any CPU
		{3C787EBA-5783-436A-83B7-BE7F07CB1169}.Debug|x86.Build.0 = Debug|Any CPU
		{3C787EBA-5783-436A-83B7-BE7F07CB1169}.Release|Any CPU.ActiveCfg = Release|Any CPU
		{3C787EBA-5783-436A-83B7-BE7F07CB1169}.Release|Any CPU.Build.0 = Release|Any CPU
		{3C787EBA-5783-436A-83B7-BE7F07CB1169}.Release|x64.ActiveCfg = Release|Any CPU
		{3C787EBA-5783-436A-83B7-BE7F07CB1169}.Release|x64.Build.0 = Release|Any CPU
		{3C787EBA-5783-436A-83B7-BE7F07CB1169}.Release|x86.ActiveCfg = Release|Any CPU
		{3C787EBA-5783-436A-83B7-BE7F07CB1169}.Release|x86.Build.0 = Release|Any CPU
	EndGlobalSection
	GlobalSection(NestedProjects) = preSolution
		{B56110F0-2D27-4718-8C80-E7FDE3439A63} = {F84DCF8A-FC1A-4677-AF4D-616AD7DB3470}
		{D8ECA989-4383-47D3-B443-4D7BFF1F05E7} = {F84DCF8A-FC1A-4677-AF4D-616AD7DB3470}
		{DB61305F-4CA9-4D92-82A5-503495F515E8} = {3820D9E8-1B4E-486E-9C46-D52E3784D222}
		{3FC57943-9D51-49AE-9FBD-4A112B4F68D6} = {F84DCF8A-FC1A-4677-AF4D-616AD7DB3470}
		{5FD0E378-FD88-45E5-9963-BFF2921E6A6A} = {F84DCF8A-FC1A-4677-AF4D-616AD7DB3470}
		{824DD2A5-7F01-4A8A-9ABD-9F91F52582AD} = {F84DCF8A-FC1A-4677-AF4D-616AD7DB3470}
		{839A1EF7-18F5-491E-B40B-2BAA57378B40} = {3820D9E8-1B4E-486E-9C46-D52E3784D222}
		{BBFC824F-A0DE-4A28-B82F-49C04EBA7475} = {F84DCF8A-FC1A-4677-AF4D-616AD7DB3470}
		{FA55A52D-B880-4931-A121-85C8DAD8DD28} = {F84DCF8A-FC1A-4677-AF4D-616AD7DB3470}
		{36E1611F-55E4-4DFE-BB04-913FEA9950ED} = {F84DCF8A-FC1A-4677-AF4D-616AD7DB3470}
		{82CA75E9-53BD-4324-B86B-44F280BAF331} = {F84DCF8A-FC1A-4677-AF4D-616AD7DB3470}
		{DAE2B2E9-40AF-4D99-A5B0-79678F94BFDA} = {F84DCF8A-FC1A-4677-AF4D-616AD7DB3470}
		{00488B6E-9BB3-49AA-AE42-C120799D803C} = {F84DCF8A-FC1A-4677-AF4D-616AD7DB3470}
		{E30A79CB-BBB2-4B47-9170-A11DF11BD28C} = {F84DCF8A-FC1A-4677-AF4D-616AD7DB3470}
		{5830D9BF-CA28-47B0-964F-343FAB28751B} = {F84DCF8A-FC1A-4677-AF4D-616AD7DB3470}
		{5A7E2A40-18EB-4BF9-8CF7-7A2545DD1F0B} = {F84DCF8A-FC1A-4677-AF4D-616AD7DB3470}
		{4D8F42D9-28BA-4D96-A340-52B38E8F47DD} = {F84DCF8A-FC1A-4677-AF4D-616AD7DB3470}
		{83A0A509-1FC6-4522-BFF0-09C36A4B29B6} = {C401FD09-18FD-45AC-B036-A5C23664036A}
		{DF812CBE-894C-4C90-9EDC-4558983CCDEA} = {F84DCF8A-FC1A-4677-AF4D-616AD7DB3470}
    {264259BE-F031-4B4B-8FF6-BC0872CF0942} = {F84DCF8A-FC1A-4677-AF4D-616AD7DB3470}
		{1C03DEE5-5ADB-4D2E-969F-5F0C70DF3EC4} = {C401FD09-18FD-45AC-B036-A5C23664036A}
		{5990939C-7E7B-4CFA-86FF-44CA5756498A} = {C401FD09-18FD-45AC-B036-A5C23664036A}
		{FC9D3B85-2CD6-4A5C-B853-BCE770F76FC6} = {F84DCF8A-FC1A-4677-AF4D-616AD7DB3470}
		{A44BDF6D-0D93-4AA4-9DFA-F48365A31B26} = {F84DCF8A-FC1A-4677-AF4D-616AD7DB3470}
		{B6933551-A7A3-4A85-BEF4-43214ABB04DF} = {F84DCF8A-FC1A-4677-AF4D-616AD7DB3470}
		{3C787EBA-5783-436A-83B7-BE7F07CB1169} = {F84DCF8A-FC1A-4677-AF4D-616AD7DB3470}
	EndGlobalSection
EndGlobal
