STORAGE: NONE
RESTRICTION: == net8.0
NUGET
  remote: https://api.nuget.org/v3/index.json
    Expecto (10.1)
      FSharp.Core (>= 7.0.200)
      Mono.Cecil (>= 0.11.4 < 1.0)
    FSharp.Compiler.Service (43.8.101)
      FSharp.Core (8.0.101)
      System.Buffers (>= 4.5.1)
      System.Collections.Immutable (>= 7.0)
      System.Diagnostics.DiagnosticSource (>= 7.0.2)
      System.Memory (>= 4.5.5)
      System.Reflection.Emit (>= 4.7)
      System.Reflection.Metadata (>= 7.0)
      System.Runtime.CompilerServices.Unsafe (>= 6.0)
    FSharp.Control.AsyncSeq (3.2.1)
      FSharp.Core (>= 4.7.2)
      Microsoft.Bcl.AsyncInterfaces (>= 5.0)
    FSharp.Core (8.0.101)
    FSharp.SystemTextJson (1.3.13)
      FSharp.Core (>= 4.7)
      System.Text.Json (>= 6.0)
    FSharpPlus (1.5)
      FSharp.Core (>= 6.0.6)
    FSharpx.Async (1.14.1)
      FSharp.Control.AsyncSeq (>= 2.0.21)
      FSharp.Core (>= 4.6.2)
    FSharpx.Collections (3.1)
      FSharp.Core (>= 4.3.4)
    FSharpx.Extras (3.1)
      FSharp.Core (>= 4.6.2)
      FSharpx.Async (>= 1.14.1)
      FSharpx.Collections (>= 2.1.2)
      System.Reflection.Emit.Lightweight (>= 4.7)
    FsRegEx (0.7.2)
    Fumble (1.0.3)
      FSharp.Core (>= 8.0.101)
      Microsoft.Data.Sqlite (>= 8.0.1)
    LaunchDarkly.Cache (1.0.2)
    LaunchDarkly.CommonSdk (7.1.1)
      LaunchDarkly.Logging (>= 2.0)
    LaunchDarkly.EventSource (5.3)
      LaunchDarkly.Logging (>= 2.0 < 3.0)
    LaunchDarkly.InternalSdk (3.6)
      LaunchDarkly.CommonSdk (>= 7.1.1 < 8.0)
      LaunchDarkly.Logging (>= 2.0 < 3.0)
    LaunchDarkly.Logging (2.0)
      Microsoft.Extensions.Logging.Abstractions (>= 6.0)
    LaunchDarkly.ServerSdk (8.0)
      LaunchDarkly.Cache (>= 1.0.2)
      LaunchDarkly.CommonSdk (>= 6.2)
      LaunchDarkly.EventSource (>= 5.1)
      LaunchDarkly.InternalSdk (>= 3.3)
      LaunchDarkly.Logging (>= 2.0)
      System.Collections.Immutable (>= 1.7.1)
    Legivel (0.4.6)
      FSharp.Core (>= 4.6)
    libsodium (1.0.21)
    Microsoft.Bcl.AsyncInterfaces (10.0.1)
    Microsoft.Data.Sqlite (8.0.1)
      Microsoft.Data.Sqlite.Core (>= 8.0.1)
      SQLitePCLRaw.bundle_e_sqlite3 (>= 2.1.6)
    Microsoft.Data.Sqlite.Core (10.0.1)
      SQLitePCLRaw.core (>= 2.1.11)
    Microsoft.Extensions.Configuration (10.0.1)
      Microsoft.Extensions.Configuration.Abstractions (>= 10.0.1)
      Microsoft.Extensions.Primitives (>= 10.0.1)
    Microsoft.Extensions.Configuration.Abstractions (10.0.1)
      Microsoft.Extensions.Primitives (>= 10.0.1)
    Microsoft.Extensions.Configuration.Binder (10.0.1)
      Microsoft.Extensions.Configuration (>= 10.0.1)
      Microsoft.Extensions.Configuration.Abstractions (>= 10.0.1)
    Microsoft.Extensions.Configuration.FileExtensions (10.0.1)
      Microsoft.Extensions.Configuration (>= 10.0.1)
      Microsoft.Extensions.Configuration.Abstractions (>= 10.0.1)
      Microsoft.Extensions.FileProviders.Abstractions (>= 10.0.1)
      Microsoft.Extensions.FileProviders.Physical (>= 10.0.1)
      Microsoft.Extensions.Primitives (>= 10.0.1)
    Microsoft.Extensions.Configuration.Json (8.0.1)
      Microsoft.Extensions.Configuration (>= 8.0)
      Microsoft.Extensions.Configuration.Abstractions (>= 8.0)
      Microsoft.Extensions.Configuration.FileExtensions (>= 8.0.1)
      Microsoft.Extensions.FileProviders.Abstractions (>= 8.0)
    Microsoft.Extensions.DependencyInjection (10.0.1)
      Microsoft.Extensions.DependencyInjection.Abstractions (>= 10.0.1)
    Microsoft.Extensions.DependencyInjection.Abstractions (10.0.1)
    Microsoft.Extensions.Diagnostics.Abstractions (10.0.1)
      Microsoft.Extensions.DependencyInjection.Abstractions (>= 10.0.1)
      Microsoft.Extensions.Options (>= 10.0.1)
      System.Diagnostics.DiagnosticSource (>= 10.0.1)
    Microsoft.Extensions.Diagnostics.HealthChecks (8.0)
      Microsoft.Extensions.Diagnostics.HealthChecks.Abstractions (>= 8.0)
      Microsoft.Extensions.Hosting.Abstractions (>= 8.0)
      Microsoft.Extensions.Logging.Abstractions (>= 8.0)
      Microsoft.Extensions.Options (>= 8.0)
    Microsoft.Extensions.Diagnostics.HealthChecks.Abstractions (10.0.1)
    Microsoft.Extensions.FileProviders.Abstractions (10.0.1)
      Microsoft.Extensions.Primitives (>= 10.0.1)
    Microsoft.Extensions.FileProviders.Physical (10.0.1)
      Microsoft.Extensions.FileProviders.Abstractions (>= 10.0.1)
      Microsoft.Extensions.FileSystemGlobbing (>= 10.0.1)
      Microsoft.Extensions.Primitives (>= 10.0.1)
    Microsoft.Extensions.FileSystemGlobbing (10.0.1)
    Microsoft.Extensions.Hosting.Abstractions (10.0.1)
      Microsoft.Extensions.Configuration.Abstractions (>= 10.0.1)
      Microsoft.Extensions.DependencyInjection.Abstractions (>= 10.0.1)
      Microsoft.Extensions.Diagnostics.Abstractions (>= 10.0.1)
      Microsoft.Extensions.FileProviders.Abstractions (>= 10.0.1)
      Microsoft.Extensions.Logging.Abstractions (>= 10.0.1)
    Microsoft.Extensions.Logging (10.0.1)
      Microsoft.Extensions.DependencyInjection (>= 10.0.1)
      Microsoft.Extensions.Logging.Abstractions (>= 10.0.1)
      Microsoft.Extensions.Options (>= 10.0.1)
    Microsoft.Extensions.Logging.Abstractions (10.0.1)
      Microsoft.Extensions.DependencyInjection.Abstractions (>= 10.0.1)
      System.Diagnostics.DiagnosticSource (>= 10.0.1)
    Microsoft.Extensions.Logging.Configuration (10.0.1)
      Microsoft.Extensions.Configuration (>= 10.0.1)
      Microsoft.Extensions.Configuration.Abstractions (>= 10.0.1)
      Microsoft.Extensions.Configuration.Binder (>= 10.0.1)
      Microsoft.Extensions.DependencyInjection.Abstractions (>= 10.0.1)
      Microsoft.Extensions.Logging (>= 10.0.1)
      Microsoft.Extensions.Logging.Abstractions (>= 10.0.1)
      Microsoft.Extensions.Options (>= 10.0.1)
      Microsoft.Extensions.Options.ConfigurationExtensions (>= 10.0.1)
    Microsoft.Extensions.Options (10.0.1)
      Microsoft.Extensions.DependencyInjection.Abstractions (>= 10.0.1)
      Microsoft.Extensions.Primitives (>= 10.0.1)
    Microsoft.Extensions.Options.ConfigurationExtensions (10.0.1)
      Microsoft.Extensions.Configuration.Abstractions (>= 10.0.1)
      Microsoft.Extensions.Configuration.Binder (>= 10.0.1)
      Microsoft.Extensions.DependencyInjection.Abstractions (>= 10.0.1)
      Microsoft.Extensions.Options (>= 10.0.1)
      Microsoft.Extensions.Primitives (>= 10.0.1)
    Microsoft.Extensions.Primitives (10.0.1)
    Mono.Cecil (0.11.6)
    NaCl.Net (0.1.13)
    Newtonsoft.Json (13.0.4)
    NodaTime (3.2.2)
    NodaTime.Serialization.SystemTextJson (1.3)
      NodaTime (>= 3.0 < 4.0)
    NReco.Logging.File (1.1.7)
      Microsoft.Extensions.Logging (>= 2.0)
      Microsoft.Extensions.Logging.Configuration (>= 2.0)
      Microsoft.Extensions.Options.ConfigurationExtensions (>= 2.0)
    Ply (0.3.1)
      FSharp.Core (>= 4.6.2)
      System.Threading.Tasks.Extensions (>= 4.5.4)
    PusherServer (5.0)
      NaCl.Net (>= 0.1.13)
      Newtonsoft.Json (>= 13.0.2)
    Rollbar (5.2)
      Newtonsoft.Json (>= 13.0.1)
    Rollbar.AppSettings.Json (5.2)
      Microsoft.Extensions.Configuration (>= 2.2)
      Microsoft.Extensions.Configuration.Binder (>= 2.2.4)
      Microsoft.Extensions.Configuration.Json (>= 2.2)
      Microsoft.Extensions.Logging (>= 2.2)
      Rollbar (>= 5.2)
    Rollbar.NetCore.AspNet (5.2)
      Rollbar (>= 5.2)
      Rollbar.AppSettings.Json (>= 5.2)
      Rollbar.NetPlatformExtensions (>= 5.2)
    Rollbar.NetPlatformExtensions (5.2)
      Microsoft.Extensions.Logging (>= 3.1.3)
      Microsoft.Extensions.Logging.Abstractions (>= 3.1.3)
      Rollbar (>= 5.2)
      Rollbar.AppSettings.Json (>= 5.2)
      System.IO.Pipelines (>= 5.0.1)
    SimpleBase (4.0)
      System.Memory (>= 4.5.5)
    Sodium.Core (1.3.4)
      libsodium (>= 1.0.19)
    SourceGear.sqlite3 (3.50.4.5)
    SQLitePCLRaw.bundle_e_sqlite3 (3.0.2)
      SourceGear.sqlite3 (>= 3.50.4.2)
      SQLitePCLRaw.config.e_sqlite3 (>= 3.0.2)
    SQLitePCLRaw.config.e_sqlite3 (3.0.2)
      SQLitePCLRaw.provider.e_sqlite3 (>= 3.0.2)
    SQLitePCLRaw.core (3.0.2)
      System.Memory (>= 4.6.3)
    SQLitePCLRaw.provider.e_sqlite3 (3.0.2)
      SQLitePCLRaw.core (>= 3.0.2)
    System.Buffers (4.6.1)
    System.Collections.Immutable (10.0.1)
    System.Diagnostics.DiagnosticSource (10.0.1)
    System.IO.Hashing (8.0)
    System.IO.Pipelines (10.0.1)
    System.Memory (4.6.3)
    System.Reflection.Emit (4.7)
    System.Reflection.Emit.Lightweight (4.7)
    System.Reflection.Metadata (10.0.1)
      System.Collections.Immutable (>= 10.0.1)
    System.Runtime.CompilerServices.Unsafe (6.1.2)
    System.Text.Json (8.0.5)
    System.Threading.Tasks.Extensions (4.6.3)
