
Microsoft Visual Studio Solution File, Format Version 12.00
# Visual Studio 15
VisualStudioVersion = 15.0.26124.0
MinimumVisualStudioVersion = 15.0.26124.0
Project("{2150E333-8FDC-42A3-9474-1A3956D46DE8}") = "Solution Items", "Solution Items", "{08CCFCF6-2248-43ED-A6EF-E972A2DA0E6A}"
	ProjectSection(SolutionItems) = preProject
		build.fsx = build.fsx
		paket.dependencies = paket.dependencies
		paket.lock = paket.lock
		package-lock.json = package-lock.json
		package.json = package.json
		webpack.config.js = webpack.config.js
		webpack.tests.config.js = webpack.tests.config.js
		README.md = README.md
	EndProjectSection
EndProject
Project("{2150E333-8FDC-42A3-9474-1A3956D46DE8}") = "src", "src", "{F84DCF8A-FC1A-4677-AF4D-616AD7DB3470}"
EndProject
Project("{F2A71F9B-5D33-465A-A702-920D77279786}") = "BwdServer", "src\BwdServer\BwdServer.fsproj", "{B56110F0-2D27-4718-8C80-E7FDE3439A63}"
EndProject
Project("{F2A71F9B-5D33-465A-A702-920D77279786}") = "Js", "src\Js\Js.fsproj", "{8F1A0074-C392-4975-8020-55176D9CB0B5}"
EndProject
Project("{F2A71F9B-5D33-465A-A702-920D77279786}") = "LibExecution", "src\LibExecution\LibExecution.fsproj", "{D8ECA989-4383-47D3-B443-4D7BFF1F05E7}"
EndProject
Project("{2150E333-8FDC-42A3-9474-1A3956D46DE8}") = "tests", "tests", "{3820D9E8-1B4E-486E-9C46-D52E3784D222}"
EndProject
Project("{F2A71F9B-5D33-465A-A702-920D77279786}") = "Js.Tests", "tests\Js.Tests\Js.Tests.fsproj", "{CF8C20AC-1FC4-4114-ACB8-6CE6E51F34F9}"
EndProject
Project("{F2A71F9B-5D33-465A-A702-920D77279786}") = "ApiServer", "src\ApiServer\ApiServer.fsproj", "{B8BB9C2D-0F5D-4145-9763-4AA289BFE19F}"
EndProject
Project("{F2A71F9B-5D33-465A-A702-920D77279786}") = "Backend.Tests", "tests\Backend.Tests\Backend.Tests.fsproj", "{DB61305F-4CA9-4D92-82A5-503495F515E8}"
EndProject
Project("{F2A71F9B-5D33-465A-A702-920D77279786}") = "LibBackend", "src\LibBackend\LibBackend.fsproj", "{3FC57943-9D51-49AE-9FBD-4A112B4F68D6}"
EndProject
Project("{F2A71F9B-5D33-465A-A702-920D77279786}") = "Prelude", "src\Prelude\Prelude.fsproj", "{5FD0E378-FD88-45E5-9963-BFF2921E6A6A}"
EndProject
Project("{F2A71F9B-5D33-465A-A702-920D77279786}") = "Wasm", "src\Wasm\Wasm.fsproj", "{6E460CA5-38BF-435D-B4B9-38D472ABF30F}"
EndProject
Global
	GlobalSection(SolutionConfigurationPlatforms) = preSolution
		Debug|Any CPU = Debug|Any CPU
		Debug|x64 = Debug|x64
		Debug|x86 = Debug|x86
		Release|Any CPU = Release|Any CPU
		Release|x64 = Release|x64
		Release|x86 = Release|x86
	EndGlobalSection
	GlobalSection(SolutionProperties) = preSolution
		HideSolutionNode = FALSE
	EndGlobalSection
	GlobalSection(ProjectConfigurationPlatforms) = postSolution
		{B56110F0-2D27-4718-8C80-E7FDE3439A63}.Debug|Any CPU.ActiveCfg = Debug|Any CPU
		{B56110F0-2D27-4718-8C80-E7FDE3439A63}.Debug|Any CPU.Build.0 = Debug|Any CPU
		{B56110F0-2D27-4718-8C80-E7FDE3439A63}.Debug|x64.ActiveCfg = Debug|Any CPU
		{B56110F0-2D27-4718-8C80-E7FDE3439A63}.Debug|x64.Build.0 = Debug|Any CPU
		{B56110F0-2D27-4718-8C80-E7FDE3439A63}.Debug|x86.ActiveCfg = Debug|Any CPU
		{B56110F0-2D27-4718-8C80-E7FDE3439A63}.Debug|x86.Build.0 = Debug|Any CPU
		{B56110F0-2D27-4718-8C80-E7FDE3439A63}.Release|Any CPU.ActiveCfg = Release|Any CPU
		{B56110F0-2D27-4718-8C80-E7FDE3439A63}.Release|Any CPU.Build.0 = Release|Any CPU
		{B56110F0-2D27-4718-8C80-E7FDE3439A63}.Release|x64.ActiveCfg = Release|Any CPU
		{B56110F0-2D27-4718-8C80-E7FDE3439A63}.Release|x64.Build.0 = Release|Any CPU
		{B56110F0-2D27-4718-8C80-E7FDE3439A63}.Release|x86.ActiveCfg = Release|Any CPU
		{B56110F0-2D27-4718-8C80-E7FDE3439A63}.Release|x86.Build.0 = Release|Any CPU
		{8F1A0074-C392-4975-8020-55176D9CB0B5}.Debug|Any CPU.ActiveCfg = Debug|Any CPU
		{8F1A0074-C392-4975-8020-55176D9CB0B5}.Debug|Any CPU.Build.0 = Debug|Any CPU
		{8F1A0074-C392-4975-8020-55176D9CB0B5}.Debug|x64.ActiveCfg = Debug|Any CPU
		{8F1A0074-C392-4975-8020-55176D9CB0B5}.Debug|x64.Build.0 = Debug|Any CPU
		{8F1A0074-C392-4975-8020-55176D9CB0B5}.Debug|x86.ActiveCfg = Debug|Any CPU
		{8F1A0074-C392-4975-8020-55176D9CB0B5}.Debug|x86.Build.0 = Debug|Any CPU
		{8F1A0074-C392-4975-8020-55176D9CB0B5}.Release|Any CPU.ActiveCfg = Release|Any CPU
		{8F1A0074-C392-4975-8020-55176D9CB0B5}.Release|Any CPU.Build.0 = Release|Any CPU
		{8F1A0074-C392-4975-8020-55176D9CB0B5}.Release|x64.ActiveCfg = Release|Any CPU
		{8F1A0074-C392-4975-8020-55176D9CB0B5}.Release|x64.Build.0 = Release|Any CPU
		{8F1A0074-C392-4975-8020-55176D9CB0B5}.Release|x86.ActiveCfg = Release|Any CPU
		{8F1A0074-C392-4975-8020-55176D9CB0B5}.Release|x86.Build.0 = Release|Any CPU
		{CF8C20AC-1FC4-4114-ACB8-6CE6E51F34F9}.Debug|Any CPU.ActiveCfg = Debug|Any CPU
		{CF8C20AC-1FC4-4114-ACB8-6CE6E51F34F9}.Debug|Any CPU.Build.0 = Debug|Any CPU
		{CF8C20AC-1FC4-4114-ACB8-6CE6E51F34F9}.Debug|x64.ActiveCfg = Debug|Any CPU
		{CF8C20AC-1FC4-4114-ACB8-6CE6E51F34F9}.Debug|x64.Build.0 = Debug|Any CPU
		{CF8C20AC-1FC4-4114-ACB8-6CE6E51F34F9}.Debug|x86.ActiveCfg = Debug|Any CPU
		{CF8C20AC-1FC4-4114-ACB8-6CE6E51F34F9}.Debug|x86.Build.0 = Debug|Any CPU
		{CF8C20AC-1FC4-4114-ACB8-6CE6E51F34F9}.Release|Any CPU.ActiveCfg = Release|Any CPU
		{CF8C20AC-1FC4-4114-ACB8-6CE6E51F34F9}.Release|Any CPU.Build.0 = Release|Any CPU
		{CF8C20AC-1FC4-4114-ACB8-6CE6E51F34F9}.Release|x64.ActiveCfg = Release|Any CPU
		{CF8C20AC-1FC4-4114-ACB8-6CE6E51F34F9}.Release|x64.Build.0 = Release|Any CPU
		{CF8C20AC-1FC4-4114-ACB8-6CE6E51F34F9}.Release|x86.ActiveCfg = Release|Any CPU
		{CF8C20AC-1FC4-4114-ACB8-6CE6E51F34F9}.Release|x86.Build.0 = Release|Any CPU
		{D8ECA989-4383-47D3-B443-4D7BFF1F05E7}.Debug|Any CPU.ActiveCfg = Debug|Any CPU
		{D8ECA989-4383-47D3-B443-4D7BFF1F05E7}.Debug|Any CPU.Build.0 = Debug|Any CPU
		{D8ECA989-4383-47D3-B443-4D7BFF1F05E7}.Debug|x64.ActiveCfg = Debug|Any CPU
		{D8ECA989-4383-47D3-B443-4D7BFF1F05E7}.Debug|x64.Build.0 = Debug|Any CPU
		{D8ECA989-4383-47D3-B443-4D7BFF1F05E7}.Debug|x86.ActiveCfg = Debug|Any CPU
		{D8ECA989-4383-47D3-B443-4D7BFF1F05E7}.Debug|x86.Build.0 = Debug|Any CPU
		{D8ECA989-4383-47D3-B443-4D7BFF1F05E7}.Release|Any CPU.ActiveCfg = Release|Any CPU
		{D8ECA989-4383-47D3-B443-4D7BFF1F05E7}.Release|Any CPU.Build.0 = Release|Any CPU
		{D8ECA989-4383-47D3-B443-4D7BFF1F05E7}.Release|x64.ActiveCfg = Release|Any CPU
		{D8ECA989-4383-47D3-B443-4D7BFF1F05E7}.Release|x64.Build.0 = Release|Any CPU
		{D8ECA989-4383-47D3-B443-4D7BFF1F05E7}.Release|x86.ActiveCfg = Release|Any CPU
		{D8ECA989-4383-47D3-B443-4D7BFF1F05E7}.Release|x86.Build.0 = Release|Any CPU
		{B8BB9C2D-0F5D-4145-9763-4AA289BFE19F}.Debug|Any CPU.ActiveCfg = Debug|Any CPU
		{B8BB9C2D-0F5D-4145-9763-4AA289BFE19F}.Debug|Any CPU.Build.0 = Debug|Any CPU
		{B8BB9C2D-0F5D-4145-9763-4AA289BFE19F}.Debug|x64.ActiveCfg = Debug|Any CPU
		{B8BB9C2D-0F5D-4145-9763-4AA289BFE19F}.Debug|x64.Build.0 = Debug|Any CPU
		{B8BB9C2D-0F5D-4145-9763-4AA289BFE19F}.Debug|x86.ActiveCfg = Debug|Any CPU
		{B8BB9C2D-0F5D-4145-9763-4AA289BFE19F}.Debug|x86.Build.0 = Debug|Any CPU
		{B8BB9C2D-0F5D-4145-9763-4AA289BFE19F}.Release|Any CPU.ActiveCfg = Release|Any CPU
		{B8BB9C2D-0F5D-4145-9763-4AA289BFE19F}.Release|Any CPU.Build.0 = Release|Any CPU
		{B8BB9C2D-0F5D-4145-9763-4AA289BFE19F}.Release|x64.ActiveCfg = Release|Any CPU
		{B8BB9C2D-0F5D-4145-9763-4AA289BFE19F}.Release|x64.Build.0 = Release|Any CPU
		{B8BB9C2D-0F5D-4145-9763-4AA289BFE19F}.Release|x86.ActiveCfg = Release|Any CPU
		{B8BB9C2D-0F5D-4145-9763-4AA289BFE19F}.Release|x86.Build.0 = Release|Any CPU
		{DB61305F-4CA9-4D92-82A5-503495F515E8}.Debug|Any CPU.ActiveCfg = Debug|Any CPU
		{DB61305F-4CA9-4D92-82A5-503495F515E8}.Debug|Any CPU.Build.0 = Debug|Any CPU
		{DB61305F-4CA9-4D92-82A5-503495F515E8}.Debug|x64.ActiveCfg = Debug|Any CPU
		{DB61305F-4CA9-4D92-82A5-503495F515E8}.Debug|x64.Build.0 = Debug|Any CPU
		{DB61305F-4CA9-4D92-82A5-503495F515E8}.Debug|x86.ActiveCfg = Debug|Any CPU
		{DB61305F-4CA9-4D92-82A5-503495F515E8}.Debug|x86.Build.0 = Debug|Any CPU
		{DB61305F-4CA9-4D92-82A5-503495F515E8}.Release|Any CPU.ActiveCfg = Release|Any CPU
		{DB61305F-4CA9-4D92-82A5-503495F515E8}.Release|Any CPU.Build.0 = Release|Any CPU
		{DB61305F-4CA9-4D92-82A5-503495F515E8}.Release|x64.ActiveCfg = Release|Any CPU
		{DB61305F-4CA9-4D92-82A5-503495F515E8}.Release|x64.Build.0 = Release|Any CPU
		{DB61305F-4CA9-4D92-82A5-503495F515E8}.Release|x86.ActiveCfg = Release|Any CPU
		{DB61305F-4CA9-4D92-82A5-503495F515E8}.Release|x86.Build.0 = Release|Any CPU
		{3FC57943-9D51-49AE-9FBD-4A112B4F68D6}.Debug|Any CPU.ActiveCfg = Debug|Any CPU
		{3FC57943-9D51-49AE-9FBD-4A112B4F68D6}.Debug|Any CPU.Build.0 = Debug|Any CPU
		{3FC57943-9D51-49AE-9FBD-4A112B4F68D6}.Debug|x64.ActiveCfg = Debug|Any CPU
		{3FC57943-9D51-49AE-9FBD-4A112B4F68D6}.Debug|x64.Build.0 = Debug|Any CPU
		{3FC57943-9D51-49AE-9FBD-4A112B4F68D6}.Debug|x86.ActiveCfg = Debug|Any CPU
		{3FC57943-9D51-49AE-9FBD-4A112B4F68D6}.Debug|x86.Build.0 = Debug|Any CPU
		{3FC57943-9D51-49AE-9FBD-4A112B4F68D6}.Release|Any CPU.ActiveCfg = Release|Any CPU
		{3FC57943-9D51-49AE-9FBD-4A112B4F68D6}.Release|Any CPU.Build.0 = Release|Any CPU
		{3FC57943-9D51-49AE-9FBD-4A112B4F68D6}.Release|x64.ActiveCfg = Release|Any CPU
		{3FC57943-9D51-49AE-9FBD-4A112B4F68D6}.Release|x64.Build.0 = Release|Any CPU
		{3FC57943-9D51-49AE-9FBD-4A112B4F68D6}.Release|x86.ActiveCfg = Release|Any CPU
		{3FC57943-9D51-49AE-9FBD-4A112B4F68D6}.Release|x86.Build.0 = Release|Any CPU
		{5FD0E378-FD88-45E5-9963-BFF2921E6A6A}.Debug|Any CPU.ActiveCfg = Debug|Any CPU
		{5FD0E378-FD88-45E5-9963-BFF2921E6A6A}.Debug|Any CPU.Build.0 = Debug|Any CPU
		{5FD0E378-FD88-45E5-9963-BFF2921E6A6A}.Debug|x64.ActiveCfg = Debug|Any CPU
		{5FD0E378-FD88-45E5-9963-BFF2921E6A6A}.Debug|x64.Build.0 = Debug|Any CPU
		{5FD0E378-FD88-45E5-9963-BFF2921E6A6A}.Debug|x86.ActiveCfg = Debug|Any CPU
		{5FD0E378-FD88-45E5-9963-BFF2921E6A6A}.Debug|x86.Build.0 = Debug|Any CPU
		{5FD0E378-FD88-45E5-9963-BFF2921E6A6A}.Release|Any CPU.ActiveCfg = Release|Any CPU
		{5FD0E378-FD88-45E5-9963-BFF2921E6A6A}.Release|Any CPU.Build.0 = Release|Any CPU
		{5FD0E378-FD88-45E5-9963-BFF2921E6A6A}.Release|x64.ActiveCfg = Release|Any CPU
		{5FD0E378-FD88-45E5-9963-BFF2921E6A6A}.Release|x64.Build.0 = Release|Any CPU
		{5FD0E378-FD88-45E5-9963-BFF2921E6A6A}.Release|x86.ActiveCfg = Release|Any CPU
		{5FD0E378-FD88-45E5-9963-BFF2921E6A6A}.Release|x86.Build.0 = Release|Any CPU
		{6E460CA5-38BF-435D-B4B9-38D472ABF30F}.Debug|Any CPU.ActiveCfg = Debug|Any CPU
		{6E460CA5-38BF-435D-B4B9-38D472ABF30F}.Debug|Any CPU.Build.0 = Debug|Any CPU
		{6E460CA5-38BF-435D-B4B9-38D472ABF30F}.Debug|x64.ActiveCfg = Debug|Any CPU
		{6E460CA5-38BF-435D-B4B9-38D472ABF30F}.Debug|x64.Build.0 = Debug|Any CPU
		{6E460CA5-38BF-435D-B4B9-38D472ABF30F}.Debug|x86.ActiveCfg = Debug|Any CPU
		{6E460CA5-38BF-435D-B4B9-38D472ABF30F}.Debug|x86.Build.0 = Debug|Any CPU
		{6E460CA5-38BF-435D-B4B9-38D472ABF30F}.Release|Any CPU.ActiveCfg = Release|Any CPU
		{6E460CA5-38BF-435D-B4B9-38D472ABF30F}.Release|Any CPU.Build.0 = Release|Any CPU
		{6E460CA5-38BF-435D-B4B9-38D472ABF30F}.Release|x64.ActiveCfg = Release|Any CPU
		{6E460CA5-38BF-435D-B4B9-38D472ABF30F}.Release|x64.Build.0 = Release|Any CPU
		{6E460CA5-38BF-435D-B4B9-38D472ABF30F}.Release|x86.ActiveCfg = Release|Any CPU
		{6E460CA5-38BF-435D-B4B9-38D472ABF30F}.Release|x86.Build.0 = Release|Any CPU
	EndGlobalSection
	GlobalSection(NestedProjects) = preSolution
		{B56110F0-2D27-4718-8C80-E7FDE3439A63} = {F84DCF8A-FC1A-4677-AF4D-616AD7DB3470}
		{8F1A0074-C392-4975-8020-55176D9CB0B5} = {F84DCF8A-FC1A-4677-AF4D-616AD7DB3470}
		{CF8C20AC-1FC4-4114-ACB8-6CE6E51F34F9} = {3820D9E8-1B4E-486E-9C46-D52E3784D222}
		{D8ECA989-4383-47D3-B443-4D7BFF1F05E7} = {F84DCF8A-FC1A-4677-AF4D-616AD7DB3470}
		{DB61305F-4CA9-4D92-82A5-503495F515E8} = {3820D9E8-1B4E-486E-9C46-D52E3784D222}
		{3FC57943-9D51-49AE-9FBD-4A112B4F68D6} = {F84DCF8A-FC1A-4677-AF4D-616AD7DB3470}
		{5FD0E378-FD88-45E5-9963-BFF2921E6A6A} = {F84DCF8A-FC1A-4677-AF4D-616AD7DB3470}
		{6E460CA5-38BF-435D-B4B9-38D472ABF30F} = {F84DCF8A-FC1A-4677-AF4D-616AD7DB3470}
	EndGlobalSection
EndGlobal
