{
  "name": "integration-tests",
  "version": "0.1.0",
  "lockfileVersion": 1,
  "requires": true,
  "dependencies": {
    "@playwright/test": {
      "version": "1.29.0",
      "resolved": "https://registry.npmjs.org/@playwright/test/-/test-1.29.0.tgz",
      "integrity": "sha512-gp5PVBenxTJsm2bATWDNc2CCnrL5OaA/MXQdJwwkGQtqTjmY+ZOqAdLqo49O9MLTDh2vYh+tHWDnmFsILnWaeA==",
      "dev": true,
      "requires": {
        "@types/node": "*",
        "playwright-core": "1.29.0"
      },
      "dependencies": {
        "playwright-core": {
          "version": "1.29.0",
          "resolved": "https://registry.npmjs.org/playwright-core/-/playwright-core-1.29.0.tgz",
          "integrity": "sha512-pboOm1m0RD6z1GtwAbEH60PYRfF87vKdzOSRw2RyO0Y0a7utrMyWN2Au1ojGvQr4umuBMODkKTv607YIRypDSQ==",
          "dev": true
        }
      }
    },
    "@types/node": {
      "version": "18.11.17",
      "resolved": "https://registry.npmjs.org/@types/node/-/node-18.11.17.tgz",
      "integrity": "sha512-HJSUJmni4BeDHhfzn6nF0sVmd1SMezP7/4F0Lq+aXzmp2xm9O7WXrUtHW/CHlYVtZUbByEvWidHqRtcJXGF2Ng==",
      "dev": true
    },
    "playwright": {
      "version": "1.29.2",
      "resolved": "https://registry.npmjs.org/playwright/-/playwright-1.29.2.tgz",
      "integrity": "sha512-hKBYJUtdmYzcjdhYDkP9WGtORwwZBBKAW8+Lz7sr0ZMxtJr04ASXVzH5eBWtDkdb0c3LLFsehfPBTRfvlfKJOA==",
      "dev": true,
      "requires": {
        "playwright-core": "1.29.2"
      },
      "dependencies": {
        "playwright-core": {
          "version": "1.29.2",
          "resolved": "https://registry.npmjs.org/playwright-core/-/playwright-core-1.29.2.tgz",
          "integrity": "sha512-94QXm4PMgFoHAhlCuoWyaBYKb92yOcGVHdQLoxQ7Wjlc7Flg4aC/jbFW7xMR52OfXMVkWicue4WXE7QEegbIRA==",
          "dev": true
        }
      }
    }
  }
}
