{
  "name": "integration-tests",
  "version": "0.1.0",
  "lockfileVersion": 1,
  "requires": true,
  "dependencies": {
    "@playwright/test": {
      "version": "1.26.1",
      "resolved": "https://registry.npmjs.org/@playwright/test/-/test-1.26.1.tgz",
      "integrity": "sha512-bNxyZASVt2adSZ9gbD7NCydzcb5JaI0OR9hc7s+nmPeH604gwp0zp17NNpwXY4c8nvuBGQQ9oGDx72LE+cUWvw==",
      "dev": true,
      "requires": {
        "@types/node": "*",
        "playwright-core": "1.26.1"
      },
      "dependencies": {
        "playwright-core": {
          "version": "1.26.1",
          "resolved": "https://registry.npmjs.org/playwright-core/-/playwright-core-1.26.1.tgz",
          "integrity": "sha512-hzFchhhxnEiPc4qVPs9q2ZR+5eKNifY2hQDHtg1HnTTUuphYCBP8ZRb2si+B1TR7BHirgXaPi48LIye5SgrLAA==",
          "dev": true
        }
      }
    },
    "@types/node": {
      "version": "18.11.3",
      "resolved": "https://registry.npmjs.org/@types/node/-/node-18.11.3.tgz",
      "integrity": "sha512-fNjDQzzOsZeKZu5NATgXUPsaFaTxeRgFXoosrHivTl8RGeV733OLawXsGfEk9a8/tySyZUyiZ6E8LcjPFZ2y1A==",
      "dev": true
    },
    "playwright": {
      "version": "1.26.1",
      "resolved": "https://registry.npmjs.org/playwright/-/playwright-1.26.1.tgz",
      "integrity": "sha512-WQmEdCgYYe8jOEkhkW9QLcK0PB+w1RZztBLYIT10MEEsENYg251cU0IzebDINreQsUt+HCwwRhtdz4weH9ICcQ==",
      "dev": true,
      "requires": {
        "playwright-core": "1.26.1"
      },
      "dependencies": {
        "playwright-core": {
          "version": "1.26.1",
          "resolved": "https://registry.npmjs.org/playwright-core/-/playwright-core-1.26.1.tgz",
          "integrity": "sha512-hzFchhhxnEiPc4qVPs9q2ZR+5eKNifY2hQDHtg1HnTTUuphYCBP8ZRb2si+B1TR7BHirgXaPi48LIye5SgrLAA==",
          "dev": true
        }
      }
    }
  }
}
